// !$*UTF8*$!
{
	archiveVersion = 1;
	classes = {
	};
	objectVersion = 56;
	objects = {

/* Begin PBXBuildFile section */
		9B713EDC2B15E42E00346504 /* IDAssignmentApp.swift in Sources */ = {isa = PBXBuildFile; fileRef = 9B713EDB2B15E42E00346504 /* IDAssignmentApp.swift */; };
		9B713EDE2B15E42E00346504 /* ContentView.swift in Sources */ = {isa = PBXBuildFile; fileRef = 9B713EDD2B15E42E00346504 /* ContentView.swift */; };
		9B713EE02B15E43000346504 /* Assets.xcassets in Resources */ = {isa = PBXBuildFile; fileRef = 9B713EDF2B15E43000346504 /* Assets.xcassets */; };
		9B713EE32B15E43000346504 /* Preview Assets.xcassets in Resources */ = {isa = PBXBuildFile; fileRef = 9B713EE22B15E43000346504 /* Preview Assets.xcassets */; };
		9B713EED2B15E43000346504 /* IDAssignmentTests.swift in Sources */ = {isa = PBXBuildFile; fileRef = 9B713EEC2B15E43000346504 /* IDAssignmentTests.swift */; };
		9B713EF72B15E43000346504 /* IDAssignmentUITests.swift in Sources */ = {isa = PBXBuildFile; fileRef = 9B713EF62B15E43000346504 /* IDAssignmentUITests.swift */; };
		9B713EF92B15E43000346504 /* IDAssignmentUITestsLaunchTests.swift in Sources */ = {isa = PBXBuildFile; fileRef = 9B713EF82B15E43000346504 /* IDAssignmentUITestsLaunchTests.swift */; };
		9B713F062B15E9AC00346504 /* ServerService.swift in Sources */ = {isa = PBXBuildFile; fileRef = 9B713F052B15E9AC00346504 /* ServerService.swift */; };
		9B713F082B15ED0700346504 /* RequestViewModel.swift in Sources */ = {isa = PBXBuildFile; fileRef = 9B713F072B15ED0700346504 /* RequestViewModel.swift */; };
/* End PBXBuildFile section */

/* Begin PBXContainerItemProxy section */
		9B713EE92B15E43000346504 /* PBXContainerItemProxy */ = {
			isa = PBXContainerItemProxy;
			containerPortal = 9B713ED02B15E42E00346504 /* Project object */;
			proxyType = 1;
			remoteGlobalIDString = 9B713ED72B15E42E00346504;
			remoteInfo = IDAssignment;
		};
		9B713EF32B15E43000346504 /* PBXContainerItemProxy */ = {
			isa = PBXContainerItemProxy;
			containerPortal = 9B713ED02B15E42E00346504 /* Project object */;
			proxyType = 1;
			remoteGlobalIDString = 9B713ED72B15E42E00346504;
			remoteInfo = IDAssignment;
		};
/* End PBXContainerItemProxy section */

/* Begin PBXFileReference section */
		9B713ED82B15E42E00346504 /* IDAssignment.app */ = {isa = PBXFileReference; explicitFileType = wrapper.application; includeInIndex = 0; path = IDAssignment.app; sourceTree = BUILT_PRODUCTS_DIR; };
		9B713EDB2B15E42E00346504 /* IDAssignmentApp.swift */ = {isa = PBXFileReference; lastKnownFileType = sourcecode.swift; path = IDAssignmentApp.swift; sourceTree = "<group>"; };
		9B713EDD2B15E42E00346504 /* ContentView.swift */ = {isa = PBXFileReference; lastKnownFileType = sourcecode.swift; path = ContentView.swift; sourceTree = "<group>"; };
		9B713EDF2B15E43000346504 /* Assets.xcassets */ = {isa = PBXFileReference; lastKnownFileType = folder.assetcatalog; path = Assets.xcassets; sourceTree = "<group>"; };
		9B713EE22B15E43000346504 /* Preview Assets.xcassets */ = {isa = PBXFileReference; lastKnownFileType = folder.assetcatalog; path = "Preview Assets.xcassets"; sourceTree = "<group>"; };
		9B713EE82B15E43000346504 /* IDAssignmentTests.xctest */ = {isa = PBXFileReference; explicitFileType = wrapper.cfbundle; includeInIndex = 0; path = IDAssignmentTests.xctest; sourceTree = BUILT_PRODUCTS_DIR; };
		9B713EEC2B15E43000346504 /* IDAssignmentTests.swift */ = {isa = PBXFileReference; lastKnownFileType = sourcecode.swift; path = IDAssignmentTests.swift; sourceTree = "<group>"; };
		9B713EF22B15E43000346504 /* IDAssignmentUITests.xctest */ = {isa = PBXFileReference; explicitFileType = wrapper.cfbundle; includeInIndex = 0; path = IDAssignmentUITests.xctest; sourceTree = BUILT_PRODUCTS_DIR; };
		9B713EF62B15E43000346504 /* IDAssignmentUITests.swift */ = {isa = PBXFileReference; lastKnownFileType = sourcecode.swift; path = IDAssignmentUITests.swift; sourceTree = "<group>"; };
		9B713EF82B15E43000346504 /* IDAssignmentUITestsLaunchTests.swift */ = {isa = PBXFileReference; lastKnownFileType = sourcecode.swift; path = IDAssignmentUITestsLaunchTests.swift; sourceTree = "<group>"; };
		9B713F052B15E9AC00346504 /* ServerService.swift */ = {isa = PBXFileReference; lastKnownFileType = sourcecode.swift; path = ServerService.swift; sourceTree = "<group>"; };
		9B713F072B15ED0700346504 /* RequestViewModel.swift */ = {isa = PBXFileReference; lastKnownFileType = sourcecode.swift; path = RequestViewModel.swift; sourceTree = "<group>"; };
/* End PBXFileReference section */

/* Begin PBXFrameworksBuildPhase section */
		9B713ED52B15E42E00346504 /* Frameworks */ = {
			isa = PBXFrameworksBuildPhase;
			buildActionMask = 2147483647;
			files = (
			);
			runOnlyForDeploymentPostprocessing = 0;
		};
		9B713EE52B15E43000346504 /* Frameworks */ = {
			isa = PBXFrameworksBuildPhase;
			buildActionMask = 2147483647;
			files = (
			);
			runOnlyForDeploymentPostprocessing = 0;
		};
		9B713EEF2B15E43000346504 /* Frameworks */ = {
			isa = PBXFrameworksBuildPhase;
			buildActionMask = 2147483647;
			files = (
			);
			runOnlyForDeploymentPostprocessing = 0;
		};
/* End PBXFrameworksBuildPhase section */

/* Begin PBXGroup section */
		9B713ECF2B15E42E00346504 = {
			isa = PBXGroup;
			children = (
				9B713EDA2B15E42E00346504 /* IDAssignment */,
				9B713EEB2B15E43000346504 /* IDAssignmentTests */,
				9B713EF52B15E43000346504 /* IDAssignmentUITests */,
				9B713ED92B15E42E00346504 /* Products */,
			);
			sourceTree = "<group>";
		};
		9B713ED92B15E42E00346504 /* Products */ = {
			isa = PBXGroup;
			children = (
				9B713ED82B15E42E00346504 /* IDAssignment.app */,
				9B713EE82B15E43000346504 /* IDAssignmentTests.xctest */,
				9B713EF22B15E43000346504 /* IDAssignmentUITests.xctest */,
			);
			name = Products;
			sourceTree = "<group>";
		};
		9B713EDA2B15E42E00346504 /* IDAssignment */ = {
			isa = PBXGroup;
			children = (
				9B713EDB2B15E42E00346504 /* IDAssignmentApp.swift */,
				9B713EDD2B15E42E00346504 /* ContentView.swift */,
				9B713F072B15ED0700346504 /* RequestViewModel.swift */,
				9B713F052B15E9AC00346504 /* ServerService.swift */,
				9B713EDF2B15E43000346504 /* Assets.xcassets */,
				9B713EE12B15E43000346504 /* Preview Content */,
			);
			path = IDAssignment;
			sourceTree = "<group>";
		};
		9B713EE12B15E43000346504 /* Preview Content */ = {
			isa = PBXGroup;
			children = (
				9B713EE22B15E43000346504 /* Preview Assets.xcassets */,
			);
			path = "Preview Content";
			sourceTree = "<group>";
		};
		9B713EEB2B15E43000346504 /* IDAssignmentTests */ = {
			isa = PBXGroup;
			children = (
				9B713EEC2B15E43000346504 /* IDAssignmentTests.swift */,
			);
			path = IDAssignmentTests;
			sourceTree = "<group>";
		};
		9B713EF52B15E43000346504 /* IDAssignmentUITests */ = {
			isa = PBXGroup;
			children = (
				9B713EF62B15E43000346504 /* IDAssignmentUITests.swift */,
				9B713EF82B15E43000346504 /* IDAssignmentUITestsLaunchTests.swift */,
			);
			path = IDAssignmentUITests;
			sourceTree = "<group>";
		};
/* End PBXGroup section */

/* Begin PBXNativeTarget section */
		9B713ED72B15E42E00346504 /* IDAssignment */ = {
			isa = PBXNativeTarget;
			buildConfigurationList = 9B713EFC2B15E43000346504 /* Build configuration list for PBXNativeTarget "IDAssignment" */;
			buildPhases = (
				9B713ED42B15E42E00346504 /* Sources */,
				9B713ED52B15E42E00346504 /* Frameworks */,
				9B713ED62B15E42E00346504 /* Resources */,
			);
			buildRules = (
			);
			dependencies = (
			);
			name = IDAssignment;
			productName = IDAssignment;
			productReference = 9B713ED82B15E42E00346504 /* IDAssignment.app */;
			productType = "com.apple.product-type.application";
		};
		9B713EE72B15E43000346504 /* IDAssignmentTests */ = {
			isa = PBXNativeTarget;
			buildConfigurationList = 9B713EFF2B15E43000346504 /* Build configuration list for PBXNativeTarget "IDAssignmentTests" */;
			buildPhases = (
				9B713EE42B15E43000346504 /* Sources */,
				9B713EE52B15E43000346504 /* Frameworks */,
				9B713EE62B15E43000346504 /* Resources */,
			);
			buildRules = (
			);
			dependencies = (
				9B713EEA2B15E43000346504 /* PBXTargetDependency */,
			);
			name = IDAssignmentTests;
			productName = IDAssignmentTests;
			productReference = 9B713EE82B15E43000346504 /* IDAssignmentTests.xctest */;
			productType = "com.apple.product-type.bundle.unit-test";
		};
		9B713EF12B15E43000346504 /* IDAssignmentUITests */ = {
			isa = PBXNativeTarget;
			buildConfigurationList = 9B713F022B15E43000346504 /* Build configuration list for PBXNativeTarget "IDAssignmentUITests" */;
			buildPhases = (
				9B713EEE2B15E43000346504 /* Sources */,
				9B713EEF2B15E43000346504 /* Frameworks */,
				9B713EF02B15E43000346504 /* Resources */,
			);
			buildRules = (
			);
			dependencies = (
				9B713EF42B15E43000346504 /* PBXTargetDependency */,
			);
			name = IDAssignmentUITests;
			productName = IDAssignmentUITests;
			productReference = 9B713EF22B15E43000346504 /* IDAssignmentUITests.xctest */;
			productType = "com.apple.product-type.bundle.ui-testing";
		};
/* End PBXNativeTarget section */

/* Begin PBXProject section */
		9B713ED02B15E42E00346504 /* Project object */ = {
			isa = PBXProject;
			attributes = {
				BuildIndependentTargetsInParallel = 1;
				LastSwiftUpdateCheck = 1500;
				LastUpgradeCheck = 1500;
				TargetAttributes = {
					9B713ED72B15E42E00346504 = {
						CreatedOnToolsVersion = 15.0.1;
					};
					9B713EE72B15E43000346504 = {
						CreatedOnToolsVersion = 15.0.1;
						TestTargetID = 9B713ED72B15E42E00346504;
					};
					9B713EF12B15E43000346504 = {
						CreatedOnToolsVersion = 15.0.1;
						TestTargetID = 9B713ED72B15E42E00346504;
					};
				};
			};
			buildConfigurationList = 9B713ED32B15E42E00346504 /* Build configuration list for PBXProject "IDAssignment" */;
			compatibilityVersion = "Xcode 14.0";
			developmentRegion = en;
			hasScannedForEncodings = 0;
			knownRegions = (
				en,
				Base,
			);
			mainGroup = 9B713ECF2B15E42E00346504;
			productRefGroup = 9B713ED92B15E42E00346504 /* Products */;
			projectDirPath = "";
			projectRoot = "";
			targets = (
				9B713ED72B15E42E00346504 /* IDAssignment */,
				9B713EE72B15E43000346504 /* IDAssignmentTests */,
				9B713EF12B15E43000346504 /* IDAssignmentUITests */,
			);
		};
/* End PBXProject section */

/* Begin PBXResourcesBuildPhase section */
		9B713ED62B15E42E00346504 /* Resources */ = {
			isa = PBXResourcesBuildPhase;
			buildActionMask = 2147483647;
			files = (
				9B713EE32B15E43000346504 /* Preview Assets.xcassets in Resources */,
				9B713EE02B15E43000346504 /* Assets.xcassets in Resources */,
			);
			runOnlyForDeploymentPostprocessing = 0;
		};
		9B713EE62B15E43000346504 /* Resources */ = {
			isa = PBXResourcesBuildPhase;
			buildActionMask = 2147483647;
			files = (
			);
			runOnlyForDeploymentPostprocessing = 0;
		};
		9B713EF02B15E43000346504 /* Resources */ = {
			isa = PBXResourcesBuildPhase;
			buildActionMask = 2147483647;
			files = (
			);
			runOnlyForDeploymentPostprocessing = 0;
		};
/* End PBXResourcesBuildPhase section */

/* Begin PBXSourcesBuildPhase section */
		9B713ED42B15E42E00346504 /* Sources */ = {
			isa = PBXSourcesBuildPhase;
			buildActionMask = 2147483647;
			files = (
				9B713EDE2B15E42E00346504 /* ContentView.swift in Sources */,
				9B713EDC2B15E42E00346504 /* IDAssignmentApp.swift in Sources */,
				9B713F082B15ED0700346504 /* RequestViewModel.swift in Sources */,
				9B713F062B15E9AC00346504 /* ServerService.swift in Sources */,
			);
			runOnlyForDeploymentPostprocessing = 0;
		};
		9B713EE42B15E43000346504 /* Sources */ = {
			isa = PBXSourcesBuildPhase;
			buildActionMask = 2147483647;
			files = (
				9B713EED2B15E43000346504 /* IDAssignmentTests.swift in Sources */,
			);
			runOnlyForDeploymentPostprocessing = 0;
		};
		9B713EEE2B15E43000346504 /* Sources */ = {
			isa = PBXSourcesBuildPhase;
			buildActionMask = 2147483647;
			files = (
				9B713EF92B15E43000346504 /* IDAssignmentUITestsLaunchTests.swift in Sources */,
				9B713EF72B15E43000346504 /* IDAssignmentUITests.swift in Sources */,
			);
			runOnlyForDeploymentPostprocessing = 0;
		};
/* End PBXSourcesBuildPhase section */

/* Begin PBXTargetDependency section */
		9B713EEA2B15E43000346504 /* PBXTargetDependency */ = {
			isa = PBXTargetDependency;
			target = 9B713ED72B15E42E00346504 /* IDAssignment */;
			targetProxy = 9B713EE92B15E43000346504 /* PBXContainerItemProxy */;
		};
		9B713EF42B15E43000346504 /* PBXTargetDependency */ = {
			isa = PBXTargetDependency;
			target = 9B713ED72B15E42E00346504 /* IDAssignment */;
			targetProxy = 9B713EF32B15E43000346504 /* PBXContainerItemProxy */;
		};
/* End PBXTargetDependency section */

/* Begin XCBuildConfiguration section */
		9B713EFA2B15E43000346504 /* Debug */ = {
			isa = XCBuildConfiguration;
			buildSettings = {
				ALWAYS_SEARCH_USER_PATHS = NO;
				ASSETCATALOG_COMPILER_GENERATE_SWIFT_ASSET_SYMBOL_EXTENSIONS = YES;
				CLANG_ANALYZER_NONNULL = YES;
				CLANG_ANALYZER_NUMBER_OBJECT_CONVERSION = YES_AGGRESSIVE;
				CLANG_CXX_LANGUAGE_STANDARD = "gnu++20";
				CLANG_ENABLE_MODULES = YES;
				CLANG_ENABLE_OBJC_ARC = YES;
				CLANG_ENABLE_OBJC_WEAK = YES;
				CLANG_WARN_BLOCK_CAPTURE_AUTORELEASING = YES;
				CLANG_WARN_BOOL_CONVERSION = YES;
				CLANG_WARN_COMMA = YES;
				CLANG_WARN_CONSTANT_CONVERSION = YES;
				CLANG_WARN_DEPRECATED_OBJC_IMPLEMENTATIONS = YES;
				CLANG_WARN_DIRECT_OBJC_ISA_USAGE = YES_ERROR;
				CLANG_WARN_DOCUMENTATION_COMMENTS = YES;
				CLANG_WARN_EMPTY_BODY = YES;
				CLANG_WARN_ENUM_CONVERSION = YES;
				CLANG_WARN_INFINITE_RECURSION = YES;
				CLANG_WARN_INT_CONVERSION = YES;
				CLANG_WARN_NON_LITERAL_NULL_CONVERSION = YES;
				CLANG_WARN_OBJC_IMPLICIT_RETAIN_SELF = YES;
				CLANG_WARN_OBJC_LITERAL_CONVERSION = YES;
				CLANG_WARN_OBJC_ROOT_CLASS = YES_ERROR;
				CLANG_WARN_QUOTED_INCLUDE_IN_FRAMEWORK_HEADER = YES;
				CLANG_WARN_RANGE_LOOP_ANALYSIS = YES;
				CLANG_WARN_STRICT_PROTOTYPES = YES;
				CLANG_WARN_SUSPICIOUS_MOVE = YES;
				CLANG_WARN_UNGUARDED_AVAILABILITY = YES_AGGRESSIVE;
				CLANG_WARN_UNREACHABLE_CODE = YES;
				CLANG_WARN__DUPLICATE_METHOD_MATCH = YES;
				COPY_PHASE_STRIP = NO;
				DEBUG_INFORMATION_FORMAT = dwarf;
				ENABLE_STRICT_OBJC_MSGSEND = YES;
				ENABLE_TESTABILITY = YES;
				ENABLE_USER_SCRIPT_SANDBOXING = YES;
				GCC_C_LANGUAGE_STANDARD = gnu17;
				GCC_DYNAMIC_NO_PIC = NO;
				GCC_NO_COMMON_BLOCKS = YES;
				GCC_OPTIMIZATION_LEVEL = 0;
				GCC_PREPROCESSOR_DEFINITIONS = (
					"DEBUG=1",
					"$(inherited)",
				);
				GCC_WARN_64_TO_32_BIT_CONVERSION = YES;
				GCC_WARN_ABOUT_RETURN_TYPE = YES_ERROR;
				GCC_WARN_UNDECLARED_SELECTOR = YES;
				GCC_WARN_UNINITIALIZED_AUTOS = YES_AGGRESSIVE;
				GCC_WARN_UNUSED_FUNCTION = YES;
				GCC_WARN_UNUSED_VARIABLE = YES;
				IPHONEOS_DEPLOYMENT_TARGET = 17.0;
				LOCALIZATION_PREFERS_STRING_CATALOGS = YES;
				MTL_ENABLE_DEBUG_INFO = INCLUDE_SOURCE;
				MTL_FAST_MATH = YES;
				ONLY_ACTIVE_ARCH = YES;
				SDKROOT = iphoneos;
				SWIFT_ACTIVE_COMPILATION_CONDITIONS = "DEBUG $(inherited)";
				SWIFT_OPTIMIZATION_LEVEL = "-Onone";
			};
			name = Debug;
		};
		9B713EFB2B15E43000346504 /* Release */ = {
			isa = XCBuildConfiguration;
			buildSettings = {
				ALWAYS_SEARCH_USER_PATHS = NO;
				ASSETCATALOG_COMPILER_GENERATE_SWIFT_ASSET_SYMBOL_EXTENSIONS = YES;
				CLANG_ANALYZER_NONNULL = YES;
				CLANG_ANALYZER_NUMBER_OBJECT_CONVERSION = YES_AGGRESSIVE;
				CLANG_CXX_LANGUAGE_STANDARD = "gnu++20";
				CLANG_ENABLE_MODULES = YES;
				CLANG_ENABLE_OBJC_ARC = YES;
				CLANG_ENABLE_OBJC_WEAK = YES;
				CLANG_WARN_BLOCK_CAPTURE_AUTORELEASING = YES;
				CLANG_WARN_BOOL_CONVERSION = YES;
				CLANG_WARN_COMMA = YES;
				CLANG_WARN_CONSTANT_CONVERSION = YES;
				CLANG_WARN_DEPRECATED_OBJC_IMPLEMENTATIONS = YES;
				CLANG_WARN_DIRECT_OBJC_ISA_USAGE = YES_ERROR;
				CLANG_WARN_DOCUMENTATION_COMMENTS = YES;
				CLANG_WARN_EMPTY_BODY = YES;
				CLANG_WARN_ENUM_CONVERSION = YES;
				CLANG_WARN_INFINITE_RECURSION = YES;
				CLANG_WARN_INT_CONVERSION = YES;
				CLANG_WARN_NON_LITERAL_NULL_CONVERSION = YES;
				CLANG_WARN_OBJC_IMPLICIT_RETAIN_SELF = YES;
				CLANG_WARN_OBJC_LITERAL_CONVERSION = YES;
				CLANG_WARN_OBJC_ROOT_CLASS = YES_ERROR;
				CLANG_WARN_QUOTED_INCLUDE_IN_FRAMEWORK_HEADER = YES;
				CLANG_WARN_RANGE_LOOP_ANALYSIS = YES;
				CLANG_WARN_STRICT_PROTOTYPES = YES;
				CLANG_WARN_SUSPICIOUS_MOVE = YES;
				CLANG_WARN_UNGUARDED_AVAILABILITY = YES_AGGRESSIVE;
				CLANG_WARN_UNREACHABLE_CODE = YES;
				CLANG_WARN__DUPLICATE_METHOD_MATCH = YES;
				COPY_PHASE_STRIP = NO;
				DEBUG_INFORMATION_FORMAT = "dwarf-with-dsym";
				ENABLE_NS_ASSERTIONS = NO;
				ENABLE_STRICT_OBJC_MSGSEND = YES;
				ENABLE_USER_SCRIPT_SANDBOXING = YES;
				GCC_C_LANGUAGE_STANDARD = gnu17;
				GCC_NO_COMMON_BLOCKS = YES;
				GCC_WARN_64_TO_32_BIT_CONVERSION = YES;
				GCC_WARN_ABOUT_RETURN_TYPE = YES_ERROR;
				GCC_WARN_UNDECLARED_SELECTOR = YES;
				GCC_WARN_UNINITIALIZED_AUTOS = YES_AGGRESSIVE;
				GCC_WARN_UNUSED_FUNCTION = YES;
				GCC_WARN_UNUSED_VARIABLE = YES;
				IPHONEOS_DEPLOYMENT_TARGET = 17.0;
				LOCALIZATION_PREFERS_STRING_CATALOGS = YES;
				MTL_ENABLE_DEBUG_INFO = NO;
				MTL_FAST_MATH = YES;
				SDKROOT = iphoneos;
				SWIFT_COMPILATION_MODE = wholemodule;
				VALIDATE_PRODUCT = YES;
			};
			name = Release;
		};
		9B713EFD2B15E43000346504 /* Debug */ = {
			isa = XCBuildConfiguration;
			buildSettings = {
				ASSETCATALOG_COMPILER_APPICON_NAME = AppIcon;
				ASSETCATALOG_COMPILER_GLOBAL_ACCENT_COLOR_NAME = AccentColor;
				CODE_SIGN_STYLE = Automatic;
				CURRENT_PROJECT_VERSION = 1;
				DEVELOPMENT_ASSET_PATHS = "\"IDAssignment/Preview Content\"";
				ENABLE_PREVIEWS = YES;
				GENERATE_INFOPLIST_FILE = YES;
				INFOPLIST_KEY_UIApplicationSceneManifest_Generation = YES;
				INFOPLIST_KEY_UIApplicationSupportsIndirectInputEvents = YES;
				INFOPLIST_KEY_UILaunchScreen_Generation = YES;
				INFOPLIST_KEY_UISupportedInterfaceOrientations_iPad = "UIInterfaceOrientationPortrait UIInterfaceOrientationPortraitUpsideDown UIInterfaceOrientationLandscapeLeft UIInterfaceOrientationLandscapeRight";
				INFOPLIST_KEY_UISupportedInterfaceOrientations_iPhone = "UIInterfaceOrientationPortrait UIInterfaceOrientationLandscapeLeft UIInterfaceOrientationLandscapeRight";
				LD_RUNPATH_SEARCH_PATHS = (
					"$(inherited)",
					"@executable_path/Frameworks",
				);
				MARKETING_VERSION = 1.0;
				PRODUCT_BUNDLE_IDENTIFIER = RAYA.IDAssignment;
				PRODUCT_NAME = "$(TARGET_NAME)";
				SWIFT_EMIT_LOC_STRINGS = YES;
				SWIFT_VERSION = 5.0;
				TARGETED_DEVICE_FAMILY = "1,2";
			};
			name = Debug;
		};
		9B713EFE2B15E43000346504 /* Release */ = {
			isa = XCBuildConfiguration;
			buildSettings = {
				ASSETCATALOG_COMPILER_APPICON_NAME = AppIcon;
				ASSETCATALOG_COMPILER_GLOBAL_ACCENT_COLOR_NAME = AccentColor;
				CODE_SIGN_STYLE = Automatic;
				CURRENT_PROJECT_VERSION = 1;
				DEVELOPMENT_ASSET_PATHS = "\"IDAssignment/Preview Content\"";
				ENABLE_PREVIEWS = YES;
				GENERATE_INFOPLIST_FILE = YES;
				INFOPLIST_KEY_UIApplicationSceneManifest_Generation = YES;
				INFOPLIST_KEY_UIApplicationSupportsIndirectInputEvents = YES;
				INFOPLIST_KEY_UILaunchScreen_Generation = YES;
				INFOPLIST_KEY_UISupportedInterfaceOrientations_iPad = "UIInterfaceOrientationPortrait UIInterfaceOrientationPortraitUpsideDown UIInterfaceOrientationLandscapeLeft UIInterfaceOrientationLandscapeRight";
				INFOPLIST_KEY_UISupportedInterfaceOrientations_iPhone = "UIInterfaceOrientationPortrait UIInterfaceOrientationLandscapeLeft UIInterfaceOrientationLandscapeRight";
				LD_RUNPATH_SEARCH_PATHS = (
					"$(inherited)",
					"@executable_path/Frameworks",
				);
				MARKETING_VERSION = 1.0;
				PRODUCT_BUNDLE_IDENTIFIER = RAYA.IDAssignment;
				PRODUCT_NAME = "$(TARGET_NAME)";
				SWIFT_EMIT_LOC_STRINGS = YES;
				SWIFT_VERSION = 5.0;
				TARGETED_DEVICE_FAMILY = "1,2";
			};
			name = Release;
		};
		9B713F002B15E43000346504 /* Debug */ = {
			isa = XCBuildConfiguration;
			buildSettings = {
				ALWAYS_EMBED_SWIFT_STANDARD_LIBRARIES = YES;
				BUNDLE_LOADER = "$(TEST_HOST)";
				CODE_SIGN_STYLE = Automatic;
				CURRENT_PROJECT_VERSION = 1;
				GENERATE_INFOPLIST_FILE = YES;
				IPHONEOS_DEPLOYMENT_TARGET = 17.0;
				MARKETING_VERSION = 1.0;
				PRODUCT_BUNDLE_IDENTIFIER = RAYA.IDAssignmentTests;
				PRODUCT_NAME = "$(TARGET_NAME)";
				SWIFT_EMIT_LOC_STRINGS = NO;
				SWIFT_VERSION = 5.0;
				TARGETED_DEVICE_FAMILY = "1,2";
				TEST_HOST = "$(BUILT_PRODUCTS_DIR)/IDAssignment.app/$(BUNDLE_EXECUTABLE_FOLDER_PATH)/IDAssignment";
			};
			name = Debug;
		};
		9B713F012B15E43000346504 /* Release */ = {
			isa = XCBuildConfiguration;
			buildSettings = {
				ALWAYS_EMBED_SWIFT_STANDARD_LIBRARIES = YES;
				BUNDLE_LOADER = "$(TEST_HOST)";
				CODE_SIGN_STYLE = Automatic;
				CURRENT_PROJECT_VERSION = 1;
				GENERATE_INFOPLIST_FILE = YES;
				IPHONEOS_DEPLOYMENT_TARGET = 17.0;
				MARKETING_VERSION = 1.0;
				PRODUCT_BUNDLE_IDENTIFIER = RAYA.IDAssignmentTests;
				PRODUCT_NAME = "$(TARGET_NAME)";
				SWIFT_EMIT_LOC_STRINGS = NO;
				SWIFT_VERSION = 5.0;
				TARGETED_DEVICE_FAMILY = "1,2";
				TEST_HOST = "$(BUILT_PRODUCTS_DIR)/IDAssignment.app/$(BUNDLE_EXECUTABLE_FOLDER_PATH)/IDAssignment";
			};
			name = Release;
		};
		9B713F032B15E43000346504 /* Debug */ = {
			isa = XCBuildConfiguration;
			buildSettings = {
				ALWAYS_EMBED_SWIFT_STANDARD_LIBRARIES = YES;
				CODE_SIGN_STYLE = Automatic;
				CURRENT_PROJECT_VERSION = 1;
				GENERATE_INFOPLIST_FILE = YES;
				MARKETING_VERSION = 1.0;
				PRODUCT_BUNDLE_IDENTIFIER = RAYA.IDAssignmentUITests;
				PRODUCT_NAME = "$(TARGET_NAME)";
				SWIFT_EMIT_LOC_STRINGS = NO;
				SWIFT_VERSION = 5.0;
				TARGETED_DEVICE_FAMILY = "1,2";
				TEST_TARGET_NAME = IDAssignment;
			};
			name = Debug;
		};
		9B713F042B15E43000346504 /* Release */ = {
			isa = XCBuildConfiguration;
			buildSettings = {
				ALWAYS_EMBED_SWIFT_STANDARD_LIBRARIES = YES;
				CODE_SIGN_STYLE = Automatic;
				CURRENT_PROJECT_VERSION = 1;
				GENERATE_INFOPLIST_FILE = YES;
				MARKETING_VERSION = 1.0;
				PRODUCT_BUNDLE_IDENTIFIER = RAYA.IDAssignmentUITests;
				PRODUCT_NAME = "$(TARGET_NAME)";
				SWIFT_EMIT_LOC_STRINGS = NO;
				SWIFT_VERSION = 5.0;
				TARGETED_DEVICE_FAMILY = "1,2";
				TEST_TARGET_NAME = IDAssignment;
			};
			name = Release;
		};
/* End XCBuildConfiguration section */

/* Begin XCConfigurationList section */
		9B713ED32B15E42E00346504 /* Build configuration list for PBXProject "IDAssignment" */ = {
			isa = XCConfigurationList;
			buildConfigurations = (
				9B713EFA2B15E43000346504 /* Debug */,
				9B713EFB2B15E43000346504 /* Release */,
			);
			defaultConfigurationIsVisible = 0;
			defaultConfigurationName = Release;
		};
		9B713EFC2B15E43000346504 /* Build configuration list for PBXNativeTarget "IDAssignment" */ = {
			isa = XCConfigurationList;
			buildConfigurations = (
				9B713EFD2B15E43000346504 /* Debug */,
				9B713EFE2B15E43000346504 /* Release */,
			);
			defaultConfigurationIsVisible = 0;
			defaultConfigurationName = Release;
		};
		9B713EFF2B15E43000346504 /* Build configuration list for PBXNativeTarget "IDAssignmentTests" */ = {
			isa = XCConfigurationList;
			buildConfigurations = (
				9B713F002B15E43000346504 /* Debug */,
				9B713F012B15E43000346504 /* Release */,
			);
			defaultConfigurationIsVisible = 0;
			defaultConfigurationName = Release;
		};
		9B713F022B15E43000346504 /* Build configuration list for PBXNativeTarget "IDAssignmentUITests" */ = {
			isa = XCConfigurationList;
			buildConfigurations = (
				9B713F032B15E43000346504 /* Debug */,
				9B713F042B15E43000346504 /* Release */,
			);
			defaultConfigurationIsVisible = 0;
			defaultConfigurationName = Release;
		};
/* End XCConfigurationList section */
	};
	rootObject = 9B713ED02B15E42E00346504 /* Project object */;
}
